
Microsoft Visual Studio Solution File, Format Version 12.00
# Visual Studio 15
VisualStudioVersion = 15.0.27703.2035
MinimumVisualStudioVersion = 10.0.40219.1
Project("{FAE04EC0-301F-11D3-BF4B-00C04F79EFBC}") = "Ex4", "Ex4\Ex4.csproj", "{D44F34C0-85B7-4E3C-A1FE-99A407E69AAD}"
EndProject
Global
	GlobalSection(SolutionConfigurationPlatforms) = preSolution
		Debug|Any CPU = Debug|Any CPU
		Release|Any CPU = Release|Any CPU
	EndGlobalSection
	GlobalSection(ProjectConfigurationPlatforms) = postSolution
		{D44F34C0-85B7-4E3C-A1FE-99A407E69AAD}.Debug|Any CPU.ActiveCfg = Debug|Any CPU
		{D44F34C0-85B7-4E3C-A1FE-99A407E69AAD}.Debug|Any CPU.Build.0 = Debug|Any CPU
		{D44F34C0-85B7-4E3C-A1FE-99A407E69AAD}.Release|Any CPU.ActiveCfg = Release|Any CPU
		{D44F34C0-85B7-4E3C-A1FE-99A407E69AAD}.Release|Any CPU.Build.0 = Release|Any CPU
	EndGlobalSection
	GlobalSection(SolutionProperties) = preSolution
		HideSolutionNode = FALSE
	EndGlobalSection
	GlobalSection(ExtensibilityGlobals) = postSolution
		SolutionGuid = {CEDCCF32-76BB-4E77-9462-79B75158D67B}
	EndGlobalSection
EndGlobal
